
Microsoft Visual Studio Solution File, Format Version 12.00
# Visual Studio 15
VisualStudioVersion = 15.0.26430.14
MinimumVisualStudioVersion = 10.0.40219.1
Project("{FAE04EC0-301F-11D3-BF4B-00C04F79EFBC}") = "TeamBanana.ChaukaApp", "TeamBanana.ChaukaApp\TeamBanana.ChaukaApp.csproj", "{FE5D0FC9-F21B-4B29-9FC1-AB6C17C46E20}"
EndProject
Project("{FAE04EC0-301F-11D3-BF4B-00C04F79EFBC}") = "TeamBanana.ChaukaApp.Tests", "TeamBanana.ChaukaApp.Tests\TeamBanana.ChaukaApp.Tests.csproj", "{D40481C5-4379-4B58-B600-15C0EFF798EE}"
EndProject
Global
	GlobalSection(SolutionConfigurationPlatforms) = preSolution
		Debug|Any CPU = Debug|Any CPU
		Release|Any CPU = Release|Any CPU
	EndGlobalSection
	GlobalSection(ProjectConfigurationPlatforms) = postSolution
		{FE5D0FC9-F21B-4B29-9FC1-AB6C17C46E20}.Debug|Any CPU.ActiveCfg = Debug|Any CPU
		{FE5D0FC9-F21B-4B29-9FC1-AB6C17C46E20}.Debug|Any CPU.Build.0 = Debug|Any CPU
		{FE5D0FC9-F21B-4B29-9FC1-AB6C17C46E20}.Release|Any CPU.ActiveCfg = Release|Any CPU
		{FE5D0FC9-F21B-4B29-9FC1-AB6C17C46E20}.Release|Any CPU.Build.0 = Release|Any CPU
		{D40481C5-4379-4B58-B600-15C0EFF798EE}.Debug|Any CPU.ActiveCfg = Debug|Any CPU
		{D40481C5-4379-4B58-B600-15C0EFF798EE}.Debug|Any CPU.Build.0 = Debug|Any CPU
		{D40481C5-4379-4B58-B600-15C0EFF798EE}.Release|Any CPU.ActiveCfg = Release|Any CPU
		{D40481C5-4379-4B58-B600-15C0EFF798EE}.Release|Any CPU.Build.0 = Release|Any CPU
	EndGlobalSection
	GlobalSection(SolutionProperties) = preSolution
		HideSolutionNode = FALSE
	EndGlobalSection
EndGlobal
