
Microsoft Visual Studio Solution File, Format Version 12.00
# Visual Studio 15
VisualStudioVersion = 15.0.26430.14
MinimumVisualStudioVersion = 10.0.40219.1
Project("{FAE04EC0-301F-11D3-BF4B-00C04F79EFBC}") = "JalaFoundation.Dev23.FirstProject", "JalaFoundation.Dev23.FirstProject\JalaFoundation.Dev23.FirstProject.csproj", "{BC29AF43-6C1E-4427-BF38-20C8FF64725A}"
EndProject
Project("{FAE04EC0-301F-11D3-BF4B-00C04F79EFBC}") = "JalaFoundation.Dev23.FirstProject.Test", "JalaFoundation.Dev23.FirstProject.Test\JalaFoundation.Dev23.FirstProject.Test.csproj", "{E08D35EC-A255-4C07-BAF1-6638E5FF3C94}"
EndProject
Global
	GlobalSection(SolutionConfigurationPlatforms) = preSolution
		Debug|Any CPU = Debug|Any CPU
		Release|Any CPU = Release|Any CPU
	EndGlobalSection
	GlobalSection(ProjectConfigurationPlatforms) = postSolution
		{BC29AF43-6C1E-4427-BF38-20C8FF64725A}.Debug|Any CPU.ActiveCfg = Debug|Any CPU
		{BC29AF43-6C1E-4427-BF38-20C8FF64725A}.Debug|Any CPU.Build.0 = Debug|Any CPU
		{BC29AF43-6C1E-4427-BF38-20C8FF64725A}.Release|Any CPU.ActiveCfg = Release|Any CPU
		{BC29AF43-6C1E-4427-BF38-20C8FF64725A}.Release|Any CPU.Build.0 = Release|Any CPU
		{E08D35EC-A255-4C07-BAF1-6638E5FF3C94}.Debug|Any CPU.ActiveCfg = Debug|Any CPU
		{E08D35EC-A255-4C07-BAF1-6638E5FF3C94}.Debug|Any CPU.Build.0 = Debug|Any CPU
		{E08D35EC-A255-4C07-BAF1-6638E5FF3C94}.Release|Any CPU.ActiveCfg = Release|Any CPU
		{E08D35EC-A255-4C07-BAF1-6638E5FF3C94}.Release|Any CPU.Build.0 = Release|Any CPU
	EndGlobalSection
	GlobalSection(SolutionProperties) = preSolution
		HideSolutionNode = FALSE
	EndGlobalSection
EndGlobal
